
Microsoft Visual Studio Solution File, Format Version 12.00
# Visual Studio 15
VisualStudioVersion = 15.0.26730.15
MinimumVisualStudioVersion = 10.0.40219.1
Project("{FAE04EC0-301F-11D3-BF4B-00C04F79EFBC}") = "ImageCircle.Forms.Plugin.Android", "ImageCircle.Forms.Plugin.Android\ImageCircle.Forms.Plugin.Android.csproj", "{AD2D2DB4-E781-4CF1-9B62-3AAD264F196D}"
EndProject
Project("{2150E333-8FDC-42A3-9474-1A3956D46DE8}") = "Solution Items", "Solution Items", "{49C6E954-C9FF-429A-A011-E647B388FA12}"
	ProjectSection(SolutionItems) = preProject
		..\appveyor.yml = ..\appveyor.yml
		..\build.cake = ..\build.cake
		..\nuget\Plugin.nuspec = ..\nuget\Plugin.nuspec
		..\README.md = ..\README.md
	EndProjectSection
EndProject
Project("{FAE04EC0-301F-11D3-BF4B-00C04F79EFBC}") = "ImageCircle.Forms.Plugin.UWP", "ImageCircle.Forms.Plugin.UWP\ImageCircle.Forms.Plugin.UWP.csproj", "{CB85DF64-FC61-4E8E-9E98-C630D4EA3E30}"
EndProject
Project("{FAE04EC0-301F-11D3-BF4B-00C04F79EFBC}") = "ImageCircle.Forms.Plugin.iOSUnified", "ImageCircle.Forms.Plugin.iOSUnified\ImageCircle.Forms.Plugin.iOSUnified.csproj", "{766CEEEE-3AD1-4F14-AAF2-9D26990F1E40}"
EndProject
Project("{FAE04EC0-301F-11D3-BF4B-00C04F79EFBC}") = "ImageCircle.Forms.Plugin.Abstractions", "ImageCircle.Forms.Plugin.Abstractions\ImageCircle.Forms.Plugin.Abstractions.csproj", "{1FAB52AD-F3BA-423C-AFA1-E21700AA96F4}"
EndProject
Global
	GlobalSection(SolutionConfigurationPlatforms) = preSolution
		Ad-Hoc|Any CPU = Ad-Hoc|Any CPU
		Ad-Hoc|ARM = Ad-Hoc|ARM
		Ad-Hoc|iPhone = Ad-Hoc|iPhone
		Ad-Hoc|iPhoneSimulator = Ad-Hoc|iPhoneSimulator
		Ad-Hoc|x64 = Ad-Hoc|x64
		Ad-Hoc|x86 = Ad-Hoc|x86
		AppStore|Any CPU = AppStore|Any CPU
		AppStore|ARM = AppStore|ARM
		AppStore|iPhone = AppStore|iPhone
		AppStore|iPhoneSimulator = AppStore|iPhoneSimulator
		AppStore|x64 = AppStore|x64
		AppStore|x86 = AppStore|x86
		Debug|Any CPU = Debug|Any CPU
		Debug|ARM = Debug|ARM
		Debug|iPhone = Debug|iPhone
		Debug|iPhoneSimulator = Debug|iPhoneSimulator
		Debug|x64 = Debug|x64
		Debug|x86 = Debug|x86
		Release|Any CPU = Release|Any CPU
		Release|ARM = Release|ARM
		Release|iPhone = Release|iPhone
		Release|iPhoneSimulator = Release|iPhoneSimulator
		Release|x64 = Release|x64
		Release|x86 = Release|x86
	EndGlobalSection
	GlobalSection(ProjectConfigurationPlatforms) = postSolution
		{AD2D2DB4-E781-4CF1-9B62-3AAD264F196D}.Ad-Hoc|Any CPU.ActiveCfg = Release|Any CPU
		{AD2D2DB4-E781-4CF1-9B62-3AAD264F196D}.Ad-Hoc|Any CPU.Build.0 = Release|Any CPU
		{AD2D2DB4-E781-4CF1-9B62-3AAD264F196D}.Ad-Hoc|ARM.ActiveCfg = Release|Any CPU
		{AD2D2DB4-E781-4CF1-9B62-3AAD264F196D}.Ad-Hoc|ARM.Build.0 = Release|Any CPU
		{AD2D2DB4-E781-4CF1-9B62-3AAD264F196D}.Ad-Hoc|iPhone.ActiveCfg = Release|Any CPU
		{AD2D2DB4-E781-4CF1-9B62-3AAD264F196D}.Ad-Hoc|iPhone.Build.0 = Release|Any CPU
		{AD2D2DB4-E781-4CF1-9B62-3AAD264F196D}.Ad-Hoc|iPhoneSimulator.ActiveCfg = Release|Any CPU
		{AD2D2DB4-E781-4CF1-9B62-3AAD264F196D}.Ad-Hoc|iPhoneSimulator.Build.0 = Release|Any CPU
		{AD2D2DB4-E781-4CF1-9B62-3AAD264F196D}.Ad-Hoc|x64.ActiveCfg = Release|Any CPU
		{AD2D2DB4-E781-4CF1-9B62-3AAD264F196D}.Ad-Hoc|x64.Build.0 = Release|Any CPU
		{AD2D2DB4-E781-4CF1-9B62-3AAD264F196D}.Ad-Hoc|x86.ActiveCfg = Release|Any CPU
		{AD2D2DB4-E781-4CF1-9B62-3AAD264F196D}.Ad-Hoc|x86.Build.0 = Release|Any CPU
		{AD2D2DB4-E781-4CF1-9B62-3AAD264F196D}.AppStore|Any CPU.ActiveCfg = Release|Any CPU
		{AD2D2DB4-E781-4CF1-9B62-3AAD264F196D}.AppStore|Any CPU.Build.0 = Release|Any CPU
		{AD2D2DB4-E781-4CF1-9B62-3AAD264F196D}.AppStore|ARM.ActiveCfg = Release|Any CPU
		{AD2D2DB4-E781-4CF1-9B62-3AAD264F196D}.AppStore|ARM.Build.0 = Release|Any CPU
		{AD2D2DB4-E781-4CF1-9B62-3AAD264F196D}.AppStore|iPhone.ActiveCfg = Release|Any CPU
		{AD2D2DB4-E781-4CF1-9B62-3AAD264F196D}.AppStore|iPhone.Build.0 = Release|Any CPU
		{AD2D2DB4-E781-4CF1-9B62-3AAD264F196D}.AppStore|iPhoneSimulator.ActiveCfg = Release|Any CPU
		{AD2D2DB4-E781-4CF1-9B62-3AAD264F196D}.AppStore|iPhoneSimulator.Build.0 = Release|Any CPU
		{AD2D2DB4-E781-4CF1-9B62-3AAD264F196D}.AppStore|x64.ActiveCfg = Release|Any CPU
		{AD2D2DB4-E781-4CF1-9B62-3AAD264F196D}.AppStore|x64.Build.0 = Release|Any CPU
		{AD2D2DB4-E781-4CF1-9B62-3AAD264F196D}.AppStore|x86.ActiveCfg = Release|Any CPU
		{AD2D2DB4-E781-4CF1-9B62-3AAD264F196D}.AppStore|x86.Build.0 = Release|Any CPU
		{AD2D2DB4-E781-4CF1-9B62-3AAD264F196D}.Debug|Any CPU.ActiveCfg = Debug|Any CPU
		{AD2D2DB4-E781-4CF1-9B62-3AAD264F196D}.Debug|Any CPU.Build.0 = Debug|Any CPU
		{AD2D2DB4-E781-4CF1-9B62-3AAD264F196D}.Debug|ARM.ActiveCfg = Debug|Any CPU
		{AD2D2DB4-E781-4CF1-9B62-3AAD264F196D}.Debug|iPhone.ActiveCfg = Debug|Any CPU
		{AD2D2DB4-E781-4CF1-9B62-3AAD264F196D}.Debug|iPhone.Build.0 = Debug|Any CPU
		{AD2D2DB4-E781-4CF1-9B62-3AAD264F196D}.Debug|iPhoneSimulator.ActiveCfg = Debug|Any CPU
		{AD2D2DB4-E781-4CF1-9B62-3AAD264F196D}.Debug|iPhoneSimulator.Build.0 = Debug|Any CPU
		{AD2D2DB4-E781-4CF1-9B62-3AAD264F196D}.Debug|x64.ActiveCfg = Debug|Any CPU
		{AD2D2DB4-E781-4CF1-9B62-3AAD264F196D}.Debug|x86.ActiveCfg = Debug|Any CPU
		{AD2D2DB4-E781-4CF1-9B62-3AAD264F196D}.Release|Any CPU.ActiveCfg = Release|Any CPU
		{AD2D2DB4-E781-4CF1-9B62-3AAD264F196D}.Release|Any CPU.Build.0 = Release|Any CPU
		{AD2D2DB4-E781-4CF1-9B62-3AAD264F196D}.Release|ARM.ActiveCfg = Release|Any CPU
		{AD2D2DB4-E781-4CF1-9B62-3AAD264F196D}.Release|iPhone.ActiveCfg = Release|Any CPU
		{AD2D2DB4-E781-4CF1-9B62-3AAD264F196D}.Release|iPhone.Build.0 = Release|Any CPU
		{AD2D2DB4-E781-4CF1-9B62-3AAD264F196D}.Release|iPhoneSimulator.ActiveCfg = Release|Any CPU
		{AD2D2DB4-E781-4CF1-9B62-3AAD264F196D}.Release|iPhoneSimulator.Build.0 = Release|Any CPU
		{AD2D2DB4-E781-4CF1-9B62-3AAD264F196D}.Release|x64.ActiveCfg = Release|Any CPU
		{AD2D2DB4-E781-4CF1-9B62-3AAD264F196D}.Release|x86.ActiveCfg = Release|Any CPU
		{CB85DF64-FC61-4E8E-9E98-C630D4EA3E30}.Ad-Hoc|Any CPU.ActiveCfg = Release|Any CPU
		{CB85DF64-FC61-4E8E-9E98-C630D4EA3E30}.Ad-Hoc|Any CPU.Build.0 = Release|Any CPU
		{CB85DF64-FC61-4E8E-9E98-C630D4EA3E30}.Ad-Hoc|ARM.ActiveCfg = Release|ARM
		{CB85DF64-FC61-4E8E-9E98-C630D4EA3E30}.Ad-Hoc|ARM.Build.0 = Release|ARM
		{CB85DF64-FC61-4E8E-9E98-C630D4EA3E30}.Ad-Hoc|iPhone.ActiveCfg = Release|Any CPU
		{CB85DF64-FC61-4E8E-9E98-C630D4EA3E30}.Ad-Hoc|iPhone.Build.0 = Release|Any CPU
		{CB85DF64-FC61-4E8E-9E98-C630D4EA3E30}.Ad-Hoc|iPhoneSimulator.ActiveCfg = Release|Any CPU
		{CB85DF64-FC61-4E8E-9E98-C630D4EA3E30}.Ad-Hoc|iPhoneSimulator.Build.0 = Release|Any CPU
		{CB85DF64-FC61-4E8E-9E98-C630D4EA3E30}.Ad-Hoc|x64.ActiveCfg = Release|x64
		{CB85DF64-FC61-4E8E-9E98-C630D4EA3E30}.Ad-Hoc|x64.Build.0 = Release|x64
		{CB85DF64-FC61-4E8E-9E98-C630D4EA3E30}.Ad-Hoc|x86.ActiveCfg = Release|x86
		{CB85DF64-FC61-4E8E-9E98-C630D4EA3E30}.Ad-Hoc|x86.Build.0 = Release|x86
		{CB85DF64-FC61-4E8E-9E98-C630D4EA3E30}.AppStore|Any CPU.ActiveCfg = Release|Any CPU
		{CB85DF64-FC61-4E8E-9E98-C630D4EA3E30}.AppStore|Any CPU.Build.0 = Release|Any CPU
		{CB85DF64-FC61-4E8E-9E98-C630D4EA3E30}.AppStore|ARM.ActiveCfg = Release|ARM
		{CB85DF64-FC61-4E8E-9E98-C630D4EA3E30}.AppStore|ARM.Build.0 = Release|ARM
		{CB85DF64-FC61-4E8E-9E98-C630D4EA3E30}.AppStore|iPhone.ActiveCfg = Release|Any CPU
		{CB85DF64-FC61-4E8E-9E98-C630D4EA3E30}.AppStore|iPhone.Build.0 = Release|Any CPU
		{CB85DF64-FC61-4E8E-9E98-C630D4EA3E30}.AppStore|iPhoneSimulator.ActiveCfg = Release|Any CPU
		{CB85DF64-FC61-4E8E-9E98-C630D4EA3E30}.AppStore|iPhoneSimulator.Build.0 = Release|Any CPU
		{CB85DF64-FC61-4E8E-9E98-C630D4EA3E30}.AppStore|x64.ActiveCfg = Release|x64
		{CB85DF64-FC61-4E8E-9E98-C630D4EA3E30}.AppStore|x64.Build.0 = Release|x64
		{CB85DF64-FC61-4E8E-9E98-C630D4EA3E30}.AppStore|x86.ActiveCfg = Release|x86
		{CB85DF64-FC61-4E8E-9E98-C630D4EA3E30}.AppStore|x86.Build.0 = Release|x86
		{CB85DF64-FC61-4E8E-9E98-C630D4EA3E30}.Debug|Any CPU.ActiveCfg = Debug|Any CPU
		{CB85DF64-FC61-4E8E-9E98-C630D4EA3E30}.Debug|Any CPU.Build.0 = Debug|Any CPU
		{CB85DF64-FC61-4E8E-9E98-C630D4EA3E30}.Debug|ARM.ActiveCfg = Debug|ARM
		{CB85DF64-FC61-4E8E-9E98-C630D4EA3E30}.Debug|ARM.Build.0 = Debug|ARM
		{CB85DF64-FC61-4E8E-9E98-C630D4EA3E30}.Debug|iPhone.ActiveCfg = Debug|Any CPU
		{CB85DF64-FC61-4E8E-9E98-C630D4EA3E30}.Debug|iPhone.Build.0 = Debug|Any CPU
		{CB85DF64-FC61-4E8E-9E98-C630D4EA3E30}.Debug|iPhoneSimulator.ActiveCfg = Debug|Any CPU
		{CB85DF64-FC61-4E8E-9E98-C630D4EA3E30}.Debug|iPhoneSimulator.Build.0 = Debug|Any CPU
		{CB85DF64-FC61-4E8E-9E98-C630D4EA3E30}.Debug|x64.ActiveCfg = Debug|x64
		{CB85DF64-FC61-4E8E-9E98-C630D4EA3E30}.Debug|x64.Build.0 = Debug|x64
		{CB85DF64-FC61-4E8E-9E98-C630D4EA3E30}.Debug|x86.ActiveCfg = Debug|x86
		{CB85DF64-FC61-4E8E-9E98-C630D4EA3E30}.Debug|x86.Build.0 = Debug|x86
		{CB85DF64-FC61-4E8E-9E98-C630D4EA3E30}.Release|Any CPU.ActiveCfg = Release|Any CPU
		{CB85DF64-FC61-4E8E-9E98-C630D4EA3E30}.Release|Any CPU.Build.0 = Release|Any CPU
		{CB85DF64-FC61-4E8E-9E98-C630D4EA3E30}.Release|ARM.ActiveCfg = Release|ARM
		{CB85DF64-FC61-4E8E-9E98-C630D4EA3E30}.Release|ARM.Build.0 = Release|ARM
		{CB85DF64-FC61-4E8E-9E98-C630D4EA3E30}.Release|iPhone.ActiveCfg = Release|Any CPU
		{CB85DF64-FC61-4E8E-9E98-C630D4EA3E30}.Release|iPhone.Build.0 = Release|Any CPU
		{CB85DF64-FC61-4E8E-9E98-C630D4EA3E30}.Release|iPhoneSimulator.ActiveCfg = Release|Any CPU
		{CB85DF64-FC61-4E8E-9E98-C630D4EA3E30}.Release|iPhoneSimulator.Build.0 = Release|Any CPU
		{CB85DF64-FC61-4E8E-9E98-C630D4EA3E30}.Release|x64.ActiveCfg = Release|x64
		{CB85DF64-FC61-4E8E-9E98-C630D4EA3E30}.Release|x64.Build.0 = Release|x64
		{CB85DF64-FC61-4E8E-9E98-C630D4EA3E30}.Release|x86.ActiveCfg = Release|x86
		{CB85DF64-FC61-4E8E-9E98-C630D4EA3E30}.Release|x86.Build.0 = Release|x86
		{766CEEEE-3AD1-4F14-AAF2-9D26990F1E40}.Ad-Hoc|Any CPU.ActiveCfg = Release|Any CPU
		{766CEEEE-3AD1-4F14-AAF2-9D26990F1E40}.Ad-Hoc|Any CPU.Build.0 = Release|Any CPU
		{766CEEEE-3AD1-4F14-AAF2-9D26990F1E40}.Ad-Hoc|ARM.ActiveCfg = Release|Any CPU
		{766CEEEE-3AD1-4F14-AAF2-9D26990F1E40}.Ad-Hoc|ARM.Build.0 = Release|Any CPU
		{766CEEEE-3AD1-4F14-AAF2-9D26990F1E40}.Ad-Hoc|iPhone.ActiveCfg = Release|Any CPU
		{766CEEEE-3AD1-4F14-AAF2-9D26990F1E40}.Ad-Hoc|iPhone.Build.0 = Release|Any CPU
		{766CEEEE-3AD1-4F14-AAF2-9D26990F1E40}.Ad-Hoc|iPhoneSimulator.ActiveCfg = Release|Any CPU
		{766CEEEE-3AD1-4F14-AAF2-9D26990F1E40}.Ad-Hoc|iPhoneSimulator.Build.0 = Release|Any CPU
		{766CEEEE-3AD1-4F14-AAF2-9D26990F1E40}.Ad-Hoc|x64.ActiveCfg = Release|Any CPU
		{766CEEEE-3AD1-4F14-AAF2-9D26990F1E40}.Ad-Hoc|x64.Build.0 = Release|Any CPU
		{766CEEEE-3AD1-4F14-AAF2-9D26990F1E40}.Ad-Hoc|x86.ActiveCfg = Release|Any CPU
		{766CEEEE-3AD1-4F14-AAF2-9D26990F1E40}.Ad-Hoc|x86.Build.0 = Release|Any CPU
		{766CEEEE-3AD1-4F14-AAF2-9D26990F1E40}.AppStore|Any CPU.ActiveCfg = Release|Any CPU
		{766CEEEE-3AD1-4F14-AAF2-9D26990F1E40}.AppStore|Any CPU.Build.0 = Release|Any CPU
		{766CEEEE-3AD1-4F14-AAF2-9D26990F1E40}.AppStore|ARM.ActiveCfg = Release|Any CPU
		{766CEEEE-3AD1-4F14-AAF2-9D26990F1E40}.AppStore|ARM.Build.0 = Release|Any CPU
		{766CEEEE-3AD1-4F14-AAF2-9D26990F1E40}.AppStore|iPhone.ActiveCfg = Release|Any CPU
		{766CEEEE-3AD1-4F14-AAF2-9D26990F1E40}.AppStore|iPhone.Build.0 = Release|Any CPU
		{766CEEEE-3AD1-4F14-AAF2-9D26990F1E40}.AppStore|iPhoneSimulator.ActiveCfg = Release|Any CPU
		{766CEEEE-3AD1-4F14-AAF2-9D26990F1E40}.AppStore|iPhoneSimulator.Build.0 = Release|Any CPU
		{766CEEEE-3AD1-4F14-AAF2-9D26990F1E40}.AppStore|x64.ActiveCfg = Release|Any CPU
		{766CEEEE-3AD1-4F14-AAF2-9D26990F1E40}.AppStore|x64.Build.0 = Release|Any CPU
		{766CEEEE-3AD1-4F14-AAF2-9D26990F1E40}.AppStore|x86.ActiveCfg = Release|Any CPU
		{766CEEEE-3AD1-4F14-AAF2-9D26990F1E40}.AppStore|x86.Build.0 = Release|Any CPU
		{766CEEEE-3AD1-4F14-AAF2-9D26990F1E40}.Debug|Any CPU.ActiveCfg = Debug|Any CPU
		{766CEEEE-3AD1-4F14-AAF2-9D26990F1E40}.Debug|Any CPU.Build.0 = Debug|Any CPU
		{766CEEEE-3AD1-4F14-AAF2-9D26990F1E40}.Debug|ARM.ActiveCfg = Debug|Any CPU
		{766CEEEE-3AD1-4F14-AAF2-9D26990F1E40}.Debug|ARM.Build.0 = Debug|Any CPU
		{766CEEEE-3AD1-4F14-AAF2-9D26990F1E40}.Debug|iPhone.ActiveCfg = Debug|Any CPU
		{766CEEEE-3AD1-4F14-AAF2-9D26990F1E40}.Debug|iPhone.Build.0 = Debug|Any CPU
		{766CEEEE-3AD1-4F14-AAF2-9D26990F1E40}.Debug|iPhoneSimulator.ActiveCfg = Debug|Any CPU
		{766CEEEE-3AD1-4F14-AAF2-9D26990F1E40}.Debug|iPhoneSimulator.Build.0 = Debug|Any CPU
		{766CEEEE-3AD1-4F14-AAF2-9D26990F1E40}.Debug|x64.ActiveCfg = Debug|Any CPU
		{766CEEEE-3AD1-4F14-AAF2-9D26990F1E40}.Debug|x64.Build.0 = Debug|Any CPU
		{766CEEEE-3AD1-4F14-AAF2-9D26990F1E40}.Debug|x86.ActiveCfg = Debug|Any CPU
		{766CEEEE-3AD1-4F14-AAF2-9D26990F1E40}.Debug|x86.Build.0 = Debug|Any CPU
		{766CEEEE-3AD1-4F14-AAF2-9D26990F1E40}.Release|Any CPU.ActiveCfg = Release|Any CPU
		{766CEEEE-3AD1-4F14-AAF2-9D26990F1E40}.Release|Any CPU.Build.0 = Release|Any CPU
		{766CEEEE-3AD1-4F14-AAF2-9D26990F1E40}.Release|ARM.ActiveCfg = Release|Any CPU
		{766CEEEE-3AD1-4F14-AAF2-9D26990F1E40}.Release|ARM.Build.0 = Release|Any CPU
		{766CEEEE-3AD1-4F14-AAF2-9D26990F1E40}.Release|iPhone.ActiveCfg = Release|Any CPU
		{766CEEEE-3AD1-4F14-AAF2-9D26990F1E40}.Release|iPhone.Build.0 = Release|Any CPU
		{766CEEEE-3AD1-4F14-AAF2-9D26990F1E40}.Release|iPhoneSimulator.ActiveCfg = Release|Any CPU
		{766CEEEE-3AD1-4F14-AAF2-9D26990F1E40}.Release|iPhoneSimulator.Build.0 = Release|Any CPU
		{766CEEEE-3AD1-4F14-AAF2-9D26990F1E40}.Release|x64.ActiveCfg = Release|Any CPU
		{766CEEEE-3AD1-4F14-AAF2-9D26990F1E40}.Release|x64.Build.0 = Release|Any CPU
		{766CEEEE-3AD1-4F14-AAF2-9D26990F1E40}.Release|x86.ActiveCfg = Release|Any CPU
		{766CEEEE-3AD1-4F14-AAF2-9D26990F1E40}.Release|x86.Build.0 = Release|Any CPU
		{1FAB52AD-F3BA-423C-AFA1-E21700AA96F4}.Ad-Hoc|Any CPU.ActiveCfg = Debug|Any CPU
		{1FAB52AD-F3BA-423C-AFA1-E21700AA96F4}.Ad-Hoc|Any CPU.Build.0 = Debug|Any CPU
		{1FAB52AD-F3BA-423C-AFA1-E21700AA96F4}.Ad-Hoc|ARM.ActiveCfg = Debug|Any CPU
		{1FAB52AD-F3BA-423C-AFA1-E21700AA96F4}.Ad-Hoc|ARM.Build.0 = Debug|Any CPU
		{1FAB52AD-F3BA-423C-AFA1-E21700AA96F4}.Ad-Hoc|iPhone.ActiveCfg = Debug|Any CPU
		{1FAB52AD-F3BA-423C-AFA1-E21700AA96F4}.Ad-Hoc|iPhone.Build.0 = Debug|Any CPU
		{1FAB52AD-F3BA-423C-AFA1-E21700AA96F4}.Ad-Hoc|iPhoneSimulator.ActiveCfg = Debug|Any CPU
		{1FAB52AD-F3BA-423C-AFA1-E21700AA96F4}.Ad-Hoc|iPhoneSimulator.Build.0 = Debug|Any CPU
		{1FAB52AD-F3BA-423C-AFA1-E21700AA96F4}.Ad-Hoc|x64.ActiveCfg = Debug|Any CPU
		{1FAB52AD-F3BA-423C-AFA1-E21700AA96F4}.Ad-Hoc|x64.Build.0 = Debug|Any CPU
		{1FAB52AD-F3BA-423C-AFA1-E21700AA96F4}.Ad-Hoc|x86.ActiveCfg = Debug|Any CPU
		{1FAB52AD-F3BA-423C-AFA1-E21700AA96F4}.Ad-Hoc|x86.Build.0 = Debug|Any CPU
		{1FAB52AD-F3BA-423C-AFA1-E21700AA96F4}.AppStore|Any CPU.ActiveCfg = Debug|Any CPU
		{1FAB52AD-F3BA-423C-AFA1-E21700AA96F4}.AppStore|Any CPU.Build.0 = Debug|Any CPU
		{1FAB52AD-F3BA-423C-AFA1-E21700AA96F4}.AppStore|ARM.ActiveCfg = Debug|Any CPU
		{1FAB52AD-F3BA-423C-AFA1-E21700AA96F4}.AppStore|ARM.Build.0 = Debug|Any CPU
		{1FAB52AD-F3BA-423C-AFA1-E21700AA96F4}.AppStore|iPhone.ActiveCfg = Debug|Any CPU
		{1FAB52AD-F3BA-423C-AFA1-E21700AA96F4}.AppStore|iPhone.Build.0 = Debug|Any CPU
		{1FAB52AD-F3BA-423C-AFA1-E21700AA96F4}.AppStore|iPhoneSimulator.ActiveCfg = Debug|Any CPU
		{1FAB52AD-F3BA-423C-AFA1-E21700AA96F4}.AppStore|iPhoneSimulator.Build.0 = Debug|Any CPU
		{1FAB52AD-F3BA-423C-AFA1-E21700AA96F4}.AppStore|x64.ActiveCfg = Debug|Any CPU
		{1FAB52AD-F3BA-423C-AFA1-E21700AA96F4}.AppStore|x64.Build.0 = Debug|Any CPU
		{1FAB52AD-F3BA-423C-AFA1-E21700AA96F4}.AppStore|x86.ActiveCfg = Debug|Any CPU
		{1FAB52AD-F3BA-423C-AFA1-E21700AA96F4}.AppStore|x86.Build.0 = Debug|Any CPU
		{1FAB52AD-F3BA-423C-AFA1-E21700AA96F4}.Debug|Any CPU.ActiveCfg = Debug|Any CPU
		{1FAB52AD-F3BA-423C-AFA1-E21700AA96F4}.Debug|Any CPU.Build.0 = Debug|Any CPU
		{1FAB52AD-F3BA-423C-AFA1-E21700AA96F4}.Debug|ARM.ActiveCfg = Debug|Any CPU
		{1FAB52AD-F3BA-423C-AFA1-E21700AA96F4}.Debug|ARM.Build.0 = Debug|Any CPU
		{1FAB52AD-F3BA-423C-AFA1-E21700AA96F4}.Debug|iPhone.ActiveCfg = Debug|Any CPU
		{1FAB52AD-F3BA-423C-AFA1-E21700AA96F4}.Debug|iPhone.Build.0 = Debug|Any CPU
		{1FAB52AD-F3BA-423C-AFA1-E21700AA96F4}.Debug|iPhoneSimulator.ActiveCfg = Debug|Any CPU
		{1FAB52AD-F3BA-423C-AFA1-E21700AA96F4}.Debug|iPhoneSimulator.Build.0 = Debug|Any CPU
		{1FAB52AD-F3BA-423C-AFA1-E21700AA96F4}.Debug|x64.ActiveCfg = Debug|Any CPU
		{1FAB52AD-F3BA-423C-AFA1-E21700AA96F4}.Debug|x64.Build.0 = Debug|Any CPU
		{1FAB52AD-F3BA-423C-AFA1-E21700AA96F4}.Debug|x86.ActiveCfg = Debug|Any CPU
		{1FAB52AD-F3BA-423C-AFA1-E21700AA96F4}.Debug|x86.Build.0 = Debug|Any CPU
		{1FAB52AD-F3BA-423C-AFA1-E21700AA96F4}.Release|Any CPU.ActiveCfg = Release|Any CPU
		{1FAB52AD-F3BA-423C-AFA1-E21700AA96F4}.Release|Any CPU.Build.0 = Release|Any CPU
		{1FAB52AD-F3BA-423C-AFA1-E21700AA96F4}.Release|ARM.ActiveCfg = Release|Any CPU
		{1FAB52AD-F3BA-423C-AFA1-E21700AA96F4}.Release|ARM.Build.0 = Release|Any CPU
		{1FAB52AD-F3BA-423C-AFA1-E21700AA96F4}.Release|iPhone.ActiveCfg = Release|Any CPU
		{1FAB52AD-F3BA-423C-AFA1-E21700AA96F4}.Release|iPhone.Build.0 = Release|Any CPU
		{1FAB52AD-F3BA-423C-AFA1-E21700AA96F4}.Release|iPhoneSimulator.ActiveCfg = Release|Any CPU
		{1FAB52AD-F3BA-423C-AFA1-E21700AA96F4}.Release|iPhoneSimulator.Build.0 = Release|Any CPU
		{1FAB52AD-F3BA-423C-AFA1-E21700AA96F4}.Release|x64.ActiveCfg = Release|Any CPU
		{1FAB52AD-F3BA-423C-AFA1-E21700AA96F4}.Release|x64.Build.0 = Release|Any CPU
		{1FAB52AD-F3BA-423C-AFA1-E21700AA96F4}.Release|x86.ActiveCfg = Release|Any CPU
		{1FAB52AD-F3BA-423C-AFA1-E21700AA96F4}.Release|x86.Build.0 = Release|Any CPU
	EndGlobalSection
	GlobalSection(SolutionProperties) = preSolution
		HideSolutionNode = FALSE
	EndGlobalSection
	GlobalSection(ExtensibilityGlobals) = postSolution
		SolutionGuid = {94BD0FCA-480F-435F-93B4-174C90C27419}
	EndGlobalSection
EndGlobal
